
Microsoft Visual Studio Solution File, Format Version 12.00
# Visual Studio 15
VisualStudioVersion = 15.0.27130.2036
MinimumVisualStudioVersion = 10.0.40219.1
Project("{FAE04EC0-301F-11D3-BF4B-00C04F79EFBC}") = "IOnlineSenac.Android", "IOnlineSenac\IOnlineSenac.Android\IOnlineSenac.Android.csproj", "{020307D6-40D3-446D-A345-95954E601328}"
EndProject
Project("{D954291E-2A0B-460D-934E-DC6B0785DB48}") = "IOnlineSenac", "IOnlineSenac\IOnlineSenac\IOnlineSenac.shproj", "{9A0F2305-8DED-40D3-8855-BAD21CB852F4}"
EndProject
Project("{FAE04EC0-301F-11D3-BF4B-00C04F79EFBC}") = "RestTest", "RestTest\RestTest.csproj", "{DCD6DC2F-EEEA-4A55-8100-F82CEC463E0A}"
EndProject
Global
	GlobalSection(SharedMSBuildProjectFiles) = preSolution
		IOnlineSenac\IOnlineSenac\IOnlineSenac.projitems*{020307d6-40d3-446d-a345-95954e601328}*SharedItemsImports = 4
		IOnlineSenac\IOnlineSenac\IOnlineSenac.projitems*{9a0f2305-8ded-40d3-8855-bad21cb852f4}*SharedItemsImports = 13
	EndGlobalSection
	GlobalSection(SolutionConfigurationPlatforms) = preSolution
		Debug|Any CPU = Debug|Any CPU
		Release|Any CPU = Release|Any CPU
	EndGlobalSection
	GlobalSection(ProjectConfigurationPlatforms) = postSolution
		{020307D6-40D3-446D-A345-95954E601328}.Debug|Any CPU.ActiveCfg = Debug|Any CPU
		{020307D6-40D3-446D-A345-95954E601328}.Debug|Any CPU.Build.0 = Debug|Any CPU
		{020307D6-40D3-446D-A345-95954E601328}.Debug|Any CPU.Deploy.0 = Debug|Any CPU
		{020307D6-40D3-446D-A345-95954E601328}.Release|Any CPU.ActiveCfg = Release|Any CPU
		{020307D6-40D3-446D-A345-95954E601328}.Release|Any CPU.Build.0 = Release|Any CPU
		{020307D6-40D3-446D-A345-95954E601328}.Release|Any CPU.Deploy.0 = Release|Any CPU
		{DCD6DC2F-EEEA-4A55-8100-F82CEC463E0A}.Debug|Any CPU.ActiveCfg = Debug|Any CPU
		{DCD6DC2F-EEEA-4A55-8100-F82CEC463E0A}.Debug|Any CPU.Build.0 = Debug|Any CPU
		{DCD6DC2F-EEEA-4A55-8100-F82CEC463E0A}.Release|Any CPU.ActiveCfg = Release|Any CPU
		{DCD6DC2F-EEEA-4A55-8100-F82CEC463E0A}.Release|Any CPU.Build.0 = Release|Any CPU
	EndGlobalSection
	GlobalSection(SolutionProperties) = preSolution
		HideSolutionNode = FALSE
	EndGlobalSection
	GlobalSection(ExtensibilityGlobals) = postSolution
		SolutionGuid = {97457E06-180D-4609-BA8F-D318CE5FCF82}
	EndGlobalSection
EndGlobal
