
Microsoft Visual Studio Solution File, Format Version 12.00
# Visual Studio 15
VisualStudioVersion = 15.0.27130.2036
MinimumVisualStudioVersion = 10.0.40219.1
Project("{FAE04EC0-301F-11D3-BF4B-00C04F79EFBC}") = "ZiliCountBeer.Android", "ZiliCountBeer\ZiliCountBeer.Android\ZiliCountBeer.Android.csproj", "{3985FC31-AE88-4D62-8708-4459A2A25C2E}"
EndProject
Project("{D954291E-2A0B-460D-934E-DC6B0785DB48}") = "ZiliCountBeer", "ZiliCountBeer\ZiliCountBeer\ZiliCountBeer.shproj", "{B62801CA-A90B-4985-AA77-46670D7425B6}"
EndProject
Global
	GlobalSection(SharedMSBuildProjectFiles) = preSolution
		ZiliCountBeer\ZiliCountBeer\ZiliCountBeer.projitems*{3985fc31-ae88-4d62-8708-4459a2a25c2e}*SharedItemsImports = 4
		ZiliCountBeer\ZiliCountBeer\ZiliCountBeer.projitems*{b62801ca-a90b-4985-aa77-46670d7425b6}*SharedItemsImports = 13
	EndGlobalSection
	GlobalSection(SolutionConfigurationPlatforms) = preSolution
		Debug|Any CPU = Debug|Any CPU
		Release|Any CPU = Release|Any CPU
	EndGlobalSection
	GlobalSection(ProjectConfigurationPlatforms) = postSolution
		{3985FC31-AE88-4D62-8708-4459A2A25C2E}.Debug|Any CPU.ActiveCfg = Debug|Any CPU
		{3985FC31-AE88-4D62-8708-4459A2A25C2E}.Debug|Any CPU.Build.0 = Debug|Any CPU
		{3985FC31-AE88-4D62-8708-4459A2A25C2E}.Debug|Any CPU.Deploy.0 = Debug|Any CPU
		{3985FC31-AE88-4D62-8708-4459A2A25C2E}.Release|Any CPU.ActiveCfg = Release|Any CPU
		{3985FC31-AE88-4D62-8708-4459A2A25C2E}.Release|Any CPU.Build.0 = Release|Any CPU
		{3985FC31-AE88-4D62-8708-4459A2A25C2E}.Release|Any CPU.Deploy.0 = Release|Any CPU
	EndGlobalSection
	GlobalSection(SolutionProperties) = preSolution
		HideSolutionNode = FALSE
	EndGlobalSection
	GlobalSection(ExtensibilityGlobals) = postSolution
		SolutionGuid = {C89B6B65-E44E-4EE8-8971-CE91A78BB262}
	EndGlobalSection
EndGlobal
